<?xml version="1.0" encoding="utf-8"?>
<Project ToolsVersion="4.0" xmlns="http://schemas.microsoft.com/developer/msbuild/2003">
  <ItemGroup>
    <Filter Include="ソース ファイル">
      <UniqueIdentifier>{4FC737F1-C7A5-4376-A066-2A32D752A2FF}</UniqueIdentifier>
      <Extensions>cpp;c;cc;cxx;def;odl;idl;hpj;bat;asm;asmx</Extensions>
    </Filter>
    <Filter Include="ヘッダー ファイル">
      <UniqueIdentifier>{93995380-89BD-4b04-88EB-625FBE52EBFB}</UniqueIdentifier>
      <Extensions>h;hh;hpp;hxx;hm;inl;inc;ipp;xsd</Extensions>
    </Filter>
    <Filter Include="リソース ファイル">
      <UniqueIdentifier>{67DA6AB6-F800-4c08-8B7A-83BB121AAD01}</UniqueIdentifier>
      <Extensions>rc;ico;cur;bmp;dlg;rc2;rct;bin;rgs;gif;jpg;jpeg;jpe;resx;tiff;tif;png;wav;mfcribbon-ms</Extensions>
    </Filter>
    <Filter Include="geometry">
      <UniqueIdentifier>{2216df35-b9d7-480c-b759-84eb06559b11}</UniqueIdentifier>
    </Filter>
    <Filter Include="geometry\details">
      <UniqueIdentifier>{40225d13-57f7-496c-b0f0-8da75ea79cd4}</UniqueIdentifier>
    </Filter>
  </ItemGroup>
  <ItemGroup>
    <ClCompile Include="Main.cpp">
      <Filter>ソース ファイル</Filter>
    </ClCompile>
    <ClCompile Include="Director.cpp">
      <Filter>ソース ファイル</Filter>
    </ClCompile>
    <ClCompile Include="geometry\Rect.cpp">
      <Filter>geometry</Filter>
    </ClCompile>
    <ClCompile Include="RayTrace.cpp">
      <Filter>ソース ファイル</Filter>
    </ClCompile>
  </ItemGroup>
  <ItemGroup>
    <ClInclude Include="Director.h">
      <Filter>ヘッダー ファイル</Filter>
    </ClInclude>
    <ClInclude Include="geometry\Circle.h">
      <Filter>geometry</Filter>
    </ClInclude>
    <ClInclude Include="geometry\Geometry.h">
      <Filter>geometry</Filter>
    </ClInclude>
    <ClInclude Include="geometry\Rect.h">
      <Filter>geometry</Filter>
    </ClInclude>
    <ClInclude Include="geometry\Size.h">
      <Filter>geometry</Filter>
    </ClInclude>
    <ClInclude Include="geometry\Vector2D.h">
      <Filter>geometry</Filter>
    </ClInclude>
    <ClInclude Include="geometry\details\Vector2D.h">
      <Filter>geometry\details</Filter>
    </ClInclude>
    <ClInclude Include="geometry\Vector3D.h">
      <Filter>geometry</Filter>
    </ClInclude>
    <ClInclude Include="geometry\details\Vector3D.h">
      <Filter>geometry\details</Filter>
    </ClInclude>
    <ClInclude Include="RayTrace.h">
      <Filter>ヘッダー ファイル</Filter>
    </ClInclude>
    <ClInclude Include="geometry\Sphere.h">
      <Filter>geometry</Filter>
    </ClInclude>
    <ClInclude Include="geometry\Plane.h">
      <Filter>geometry</Filter>
    </ClInclude>
  </ItemGroup>
</Project>